// !$*UTF8*$!
{
	archiveVersion = 1;
	classes = {
	};
	objectVersion = 46;
	objects = {

/* Begin PBXBuildFile section */
		1FC6A8311E2D964100BA93FA /* AppDelegate.swift in Sources */ = {isa = PBXBuildFile; fileRef = 1FC6A8301E2D964100BA93FA /* AppDelegate.swift */; };
		1FC6A8331E2D964100BA93FA /* ViewController.swift in Sources */ = {isa = PBXBuildFile; fileRef = 1FC6A8321E2D964100BA93FA /* ViewController.swift */; };
		1FC6A8361E2D964100BA93FA /* Main.storyboard in Resources */ = {isa = PBXBuildFile; fileRef = 1FC6A8341E2D964100BA93FA /* Main.storyboard */; };
		1FC6A8381E2D964100BA93FA /* Assets.xcassets in Resources */ = {isa = PBXBuildFile; fileRef = 1FC6A8371E2D964100BA93FA /* Assets.xcassets */; };
		1FC6A83B1E2D964100BA93FA /* LaunchScreen.storyboard in Resources */ = {isa = PBXBuildFile; fileRef = 1FC6A8391E2D964100BA93FA /* LaunchScreen.storyboard */; };
/* End PBXBuildFile section */

/* Begin PBXFileReference section */
		1FC6A82D1E2D964100BA93FA /* StoreSearch.app */ = {isa = PBXFileReference; explicitFileType = wrapper.application; includeInIndex = 0; path = StoreSearch.app; sourceTree = BUILT_PRODUCTS_DIR; };
		1FC6A8301E2D964100BA93FA /* AppDelegate.swift */ = {isa = PBXFileReference; lastKnownFileType = sourcecode.swift; path = AppDelegate.swift; sourceTree = "<group>"; };
		1FC6A8321E2D964100BA93FA /* ViewController.swift */ = {isa = PBXFileReference; lastKnownFileType = sourcecode.swift; path = ViewController.swift; sourceTree = "<group>"; };
		1FC6A8351E2D964100BA93FA /* Base */ = {isa = PBXFileReference; lastKnownFileType = file.storyboard; name = Base; path = Base.lproj/Main.storyboard; sourceTree = "<group>"; };
		1FC6A8371E2D964100BA93FA /* Assets.xcassets */ = {isa = PBXFileReference; lastKnownFileType = folder.assetcatalog; path = Assets.xcassets; sourceTree = "<group>"; };
		1FC6A83A1E2D964100BA93FA /* Base */ = {isa = PBXFileReference; lastKnownFileType = file.storyboard; name = Base; path = Base.lproj/LaunchScreen.storyboard; sourceTree = "<group>"; };
		1FC6A83C1E2D964100BA93FA /* Info.plist */ = {isa = PBXFileReference; lastKnownFileType = text.plist.xml; path = Info.plist; sourceTree = "<group>"; };
/* End PBXFileReference section */

/* Begin PBXFrameworksBuildPhase section */
		1FC6A82A1E2D964100BA93FA /* Frameworks */ = {
			isa = PBXFrameworksBuildPhase;
			buildActionMask = 2147483647;
			files = (
			);
			runOnlyForDeploymentPostprocessing = 0;
		};
/* End PBXFrameworksBuildPhase section */

/* Begin PBXGroup section */
		1FC6A8241E2D964100BA93FA = {
			isa = PBXGroup;
			children = (
				1FC6A82F1E2D964100BA93FA /* StoreSearch */,
				1FC6A82E1E2D964100BA93FA /* Products */,
			);
			sourceTree = "<group>";
		};
		1FC6A82E1E2D964100BA93FA /* Products */ = {
			isa = PBXGroup;
			children = (
				1FC6A82D1E2D964100BA93FA /* StoreSearch.app */,
			);
			name = Products;
			sourceTree = "<group>";
		};
		1FC6A82F1E2D964100BA93FA /* StoreSearch */ = {
			isa = PBXGroup;
			children = (
				1FC6A8301E2D964100BA93FA /* AppDelegate.swift */,
				1FC6A8321E2D964100BA93FA /* ViewController.swift */,
				1FC6A8341E2D964100BA93FA /* Main.storyboard */,
				1FC6A8371E2D964100BA93FA /* Assets.xcassets */,
				1FC6A8391E2D964100BA93FA /* LaunchScreen.storyboard */,
				1FC6A83C1E2D964100BA93FA /* Info.plist */,
			);
			path = StoreSearch;
			sourceTree = "<group>";
		};
/* End PBXGroup section */

/* Begin PBXNativeTarget section */
		1FC6A82C1E2D964100BA93FA /* StoreSearch */ = {
			isa = PBXNativeTarget;
			buildConfigurationList = 1FC6A83F1E2D964100BA93FA /* Build configuration list for PBXNativeTarget "StoreSearch" */;
			buildPhases = (
				1FC6A8291E2D964100BA93FA /* Sources */,
				1FC6A82A1E2D964100BA93FA /* Frameworks */,
				1FC6A82B1E2D964100BA93FA /* Resources */,
			);
			buildRules = (
			);
			dependencies = (
			);
			name = StoreSearch;
			productName = StoreSearch;
			productReference = 1FC6A82D1E2D964100BA93FA /* StoreSearch.app */;
			productType = "com.apple.product-type.application";
		};
/* End PBXNativeTarget section */

/* Begin PBXProject section */
		1FC6A8251E2D964100BA93FA /* Project object */ = {
			isa = PBXProject;
			attributes = {
				LastSwiftUpdateCheck = 0820;
				LastUpgradeCheck = 0820;
				ORGANIZATIONNAME = "Travis Cunningham";
				TargetAttributes = {
					1FC6A82C1E2D964100BA93FA = {
						CreatedOnToolsVersion = 8.2.1;
						DevelopmentTeam = HLC77V4C4H;
						ProvisioningStyle = Automatic;
					};
				};
			};
			buildConfigurationList = 1FC6A8281E2D964100BA93FA /* Build configuration list for PBXProject "StoreSearch" */;
			compatibilityVersion = "Xcode 3.2";
			developmentRegion = English;
			hasScannedForEncodings = 0;
			knownRegions = (
				en,
				Base,
			);
			mainGroup = 1FC6A8241E2D964100BA93FA;
			productRefGroup = 1FC6A82E1E2D964100BA93FA /* Products */;
			projectDirPath = "";
			projectRoot = "";
			targets = (
				1FC6A82C1E2D964100BA93FA /* StoreSearch */,
			);
		};
/* End PBXProject section */

/* Begin PBXResourcesBuildPhase section */
		1FC6A82B1E2D964100BA93FA /* Resources */ = {
			isa = PBXResourcesBuildPhase;
			buildActionMask = 2147483647;
			files = (
				1FC6A83B1E2D964100BA93FA /* LaunchScreen.storyboard in Resources */,
				1FC6A8381E2D964100BA93FA /* Assets.xcassets in Resources */,
				1FC6A8361E2D964100BA93FA /* Main.storyboard in Resources */,
			);
			runOnlyForDeploymentPostprocessing = 0;
		};
/* End PBXResourcesBuildPhase section */

/* Begin PBXSourcesBuildPhase section */
		1FC6A8291E2D964100BA93FA /* Sources */ = {
			isa = PBXSourcesBuildPhase;
			buildActionMask = 2147483647;
			files = (
				1FC6A8331E2D964100BA93FA /* ViewController.swift in Sources */,
				1FC6A8311E2D964100BA93FA /* AppDelegate.swift in Sources */,
			);
			runOnlyForDeploymentPostprocessing = 0;
		};
/* End PBXSourcesBuildPhase section */

/* Begin PBXVariantGroup section */
		1FC6A8341E2D964100BA93FA /* Main.storyboard */ = {
			isa = PBXVariantGroup;
			children = (
				1FC6A8351E2D964100BA93FA /* Base */,
			);
			name = Main.storyboard;
			sourceTree = "<group>";
		};
		1FC6A8391E2D964100BA93FA /* LaunchScreen.storyboard */ = {
			isa = PBXVariantGroup;
			children = (
				1FC6A83A1E2D964100BA93FA /* Base */,
			);
			name = LaunchScreen.storyboard;
			sourceTree = "<group>";
		};
/* End PBXVariantGroup section */

/* Begin XCBuildConfiguration section */
		1FC6A83D1E2D964100BA93FA /* Debug */ = {
			isa = XCBuildConfiguration;
			buildSettings = {
				ALWAYS_SEARCH_USER_PATHS = NO;
				CLANG_ANALYZER_NONNULL = YES;
				CLANG_CXX_LANGUAGE_STANDARD = "gnu++0x";
				CLANG_CXX_LIBRARY = "libc++";
				CLANG_ENABLE_MODULES = YES;
				CLANG_ENABLE_OBJC_ARC = YES;
				CLANG_WARN_BOOL_CONVERSION = YES;
				CLANG_WARN_CONSTANT_CONVERSION = YES;
				CLANG_WARN_DIRECT_OBJC_ISA_USAGE = YES_ERROR;
				CLANG_WARN_DOCUMENTATION_COMMENTS = YES;
				CLANG_WARN_EMPTY_BODY = YES;
				CLANG_WARN_ENUM_CONVERSION = YES;
				CLANG_WARN_INFINITE_RECURSION = YES;
				CLANG_WARN_INT_CONVERSION = YES;
				CLANG_WARN_OBJC_ROOT_CLASS = YES_ERROR;
				CLANG_WARN_SUSPICIOUS_MOVE = YES;
				CLANG_WARN_UNREACHABLE_CODE = YES;
				CLANG_WARN__DUPLICATE_METHOD_MATCH = YES;
				"CODE_SIGN_IDENTITY[sdk=iphoneos*]" = "iPhone Developer";
				COPY_PHASE_STRIP = NO;
				DEBUG_INFORMATION_FORMAT = dwarf;
				ENABLE_STRICT_OBJC_MSGSEND = YES;
				ENABLE_TESTABILITY = YES;
				GCC_C_LANGUAGE_STANDARD = gnu99;
				GCC_DYNAMIC_NO_PIC = NO;
				GCC_NO_COMMON_BLOCKS = YES;
				GCC_OPTIMIZATION_LEVEL = 0;
				GCC_PREPROCESSOR_DEFINITIONS = (
					"DEBUG=1",
					"$(inherited)",
				);
				GCC_WARN_64_TO_32_BIT_CONVERSION = YES;
				GCC_WARN_ABOUT_RETURN_TYPE = YES_ERROR;
				GCC_WARN_UNDECLARED_SELECTOR = YES;
				GCC_WARN_UNINITIALIZED_AUTOS = YES_AGGRESSIVE;
				GCC_WARN_UNUSED_FUNCTION = YES;
				GCC_WARN_UNUSED_VARIABLE = YES;
				IPHONEOS_DEPLOYMENT_TARGET = 10.2;
				MTL_ENABLE_DEBUG_INFO = YES;
				ONLY_ACTIVE_ARCH = YES;
				SDKROOT = iphoneos;
				SWIFT_ACTIVE_COMPILATION_CONDITIONS = DEBUG;
				SWIFT_OPTIMIZATION_LEVEL = "-Onone";
			};
			name = Debug;
		};
		1FC6A83E1E2D964100BA93FA /* Release */ = {
			isa = XCBuildConfiguration;
			buildSettings = {
				ALWAYS_SEARCH_USER_PATHS = NO;
				CLANG_ANALYZER_NONNULL = YES;
				CLANG_CXX_LANGUAGE_STANDARD = "gnu++0x";
				CLANG_CXX_LIBRARY = "libc++";
				CLANG_ENABLE_MODULES = YES;
				CLANG_ENABLE_OBJC_ARC = YES;
				CLANG_WARN_BOOL_CONVERSION = YES;
				CLANG_WARN_CONSTANT_CONVERSION = YES;
				CLANG_WARN_DIRECT_OBJC_ISA_USAGE = YES_ERROR;
				CLANG_WARN_DOCUMENTATION_COMMENTS = YES;
				CLANG_WARN_EMPTY_BODY = YES;
				CLANG_WARN_ENUM_CONVERSION = YES;
				CLANG_WARN_INFINITE_RECURSION = YES;
				CLANG_WARN_INT_CONVERSION = YES;
				CLANG_WARN_OBJC_ROOT_CLASS = YES_ERROR;
				CLANG_WARN_SUSPICIOUS_MOVE = YES;
				CLANG_WARN_UNREACHABLE_CODE = YES;
				CLANG_WARN__DUPLICATE_METHOD_MATCH = YES;
				"CODE_SIGN_IDENTITY[sdk=iphoneos*]" = "iPhone Developer";
				COPY_PHASE_STRIP = NO;
				DEBUG_INFORMATION_FORMAT = "dwarf-with-dsym";
				ENABLE_NS_ASSERTIONS = NO;
				ENABLE_STRICT_OBJC_MSGSEND = YES;
				GCC_C_LANGUAGE_STANDARD = gnu99;
				GCC_NO_COMMON_BLOCKS = YES;
				GCC_WARN_64_TO_32_BIT_CONVERSION = YES;
				GCC_WARN_ABOUT_RETURN_TYPE = YES_ERROR;
				GCC_WARN_UNDECLARED_SELECTOR = YES;
				GCC_WARN_UNINITIALIZED_AUTOS = YES_AGGRESSIVE;
				GCC_WARN_UNUSED_FUNCTION = YES;
				GCC_WARN_UNUSED_VARIABLE = YES;
				IPHONEOS_DEPLOYMENT_TARGET = 10.2;
				MTL_ENABLE_DEBUG_INFO = NO;
				SDKROOT = iphoneos;
				SWIFT_OPTIMIZATION_LEVEL = "-Owholemodule";
				VALIDATE_PRODUCT = YES;
			};
			name = Release;
		};
		1FC6A8401E2D964100BA93FA /* Debug */ = {
			isa = XCBuildConfiguration;
			buildSettings = {
				ASSETCATALOG_COMPILER_APPICON_NAME = AppIcon;
				DEVELOPMENT_TEAM = HLC77V4C4H;
				INFOPLIST_FILE = StoreSearch/Info.plist;
				LD_RUNPATH_SEARCH_PATHS = "$(inherited) @executable_path/Frameworks";
				PRODUCT_BUNDLE_IDENTIFIER = com.cunningham.travis.StoreSearch;
				PRODUCT_NAME = "$(TARGET_NAME)";
				SWIFT_VERSION = 3.0;
			};
			name = Debug;
		};
		1FC6A8411E2D964100BA93FA /* Release */ = {
			isa = XCBuildConfiguration;
			buildSettings = {
				ASSETCATALOG_COMPILER_APPICON_NAME = AppIcon;
				DEVELOPMENT_TEAM = HLC77V4C4H;
				INFOPLIST_FILE = StoreSearch/Info.plist;
				LD_RUNPATH_SEARCH_PATHS = "$(inherited) @executable_path/Frameworks";
				PRODUCT_BUNDLE_IDENTIFIER = com.cunningham.travis.StoreSearch;
				PRODUCT_NAME = "$(TARGET_NAME)";
				SWIFT_VERSION = 3.0;
			};
			name = Release;
		};
/* End XCBuildConfiguration section */

/* Begin XCConfigurationList section */
		1FC6A8281E2D964100BA93FA /* Build configuration list for PBXProject "StoreSearch" */ = {
			isa = XCConfigurationList;
			buildConfigurations = (
				1FC6A83D1E2D964100BA93FA /* Debug */,
				1FC6A83E1E2D964100BA93FA /* Release */,
			);
			defaultConfigurationIsVisible = 0;
			defaultConfigurationName = Release;
		};
		1FC6A83F1E2D964100BA93FA /* Build configuration list for PBXNativeTarget "StoreSearch" */ = {
			isa = XCConfigurationList;
			buildConfigurations = (
				1FC6A8401E2D964100BA93FA /* Debug */,
				1FC6A8411E2D964100BA93FA /* Release */,
			);
			defaultConfigurationIsVisible = 0;
		};
/* End XCConfigurationList section */
	};
	rootObject = 1FC6A8251E2D964100BA93FA /* Project object */;
}
